
Microsoft Visual Studio Solution File, Format Version 12.00
# Visual Studio Version 16
VisualStudioVersion = 16.0.30717.126
MinimumVisualStudioVersion = 10.0.40219.1
Project("{FAE04EC0-301F-11D3-BF4B-00C04F79EFBC}") = "Whiteboard2021", "Whiteboard2021.csproj", "{78639DE8-3FA6-4201-86FE-68C4FA118A08}"
EndProject
Global
	GlobalSection(SolutionConfigurationPlatforms) = preSolution
		Debug|Any CPU = Debug|Any CPU
		Release|Any CPU = Release|Any CPU
	EndGlobalSection
	GlobalSection(ProjectConfigurationPlatforms) = postSolution
		{78639DE8-3FA6-4201-86FE-68C4FA118A08}.Debug|Any CPU.ActiveCfg = Debug|Any CPU
		{78639DE8-3FA6-4201-86FE-68C4FA118A08}.Debug|Any CPU.Build.0 = Debug|Any CPU
		{78639DE8-3FA6-4201-86FE-68C4FA118A08}.Release|Any CPU.ActiveCfg = Release|Any CPU
		{78639DE8-3FA6-4201-86FE-68C4FA118A08}.Release|Any CPU.Build.0 = Release|Any CPU
	EndGlobalSection
	GlobalSection(SolutionProperties) = preSolution
		HideSolutionNode = FALSE
	EndGlobalSection
	GlobalSection(ExtensibilityGlobals) = postSolution
		SolutionGuid = {9B6F9966-F820-446E-8597-18015E4BA24E}
	EndGlobalSection
EndGlobal
